// !$*UTF8*$!
{
	archiveVersion = 1;
	classes = {
	};
	objectVersion = 77;
	objects = {

/* Begin PBXContainerItemProxy section */
		CB3A93A02DAFEE97003263C1 /* PBXContainerItemProxy */ = {
			isa = PBXContainerItemProxy;
			containerPortal = CB3A93872DAFEE96003263C1 /* Project object */;
			proxyType = 1;
			remoteGlobalIDString = CB3A938E2DAFEE96003263C1;
			remoteInfo = EasyApplePencilSymbol;
		};
		CB3A93AA2DAFEE97003263C1 /* PBXContainerItemProxy */ = {
			isa = PBXContainerItemProxy;
			containerPortal = CB3A93872DAFEE96003263C1 /* Project object */;
			proxyType = 1;
			remoteGlobalIDString = CB3A938E2DAFEE96003263C1;
			remoteInfo = EasyApplePencilSymbol;
		};
/* End PBXContainerItemProxy section */

/* Begin PBXFileReference section */
		CB3A938F2DAFEE96003263C1 /* EasyApplePencilSymbol.app */ = {isa = PBXFileReference; explicitFileType = wrapper.application; includeInIndex = 0; path = EasyApplePencilSymbol.app; sourceTree = BUILT_PRODUCTS_DIR; };
		CB3A939F2DAFEE97003263C1 /* EasyApplePencilSymbolTests.xctest */ = {isa = PBXFileReference; explicitFileType = wrapper.cfbundle; includeInIndex = 0; path = EasyApplePencilSymbolTests.xctest; sourceTree = BUILT_PRODUCTS_DIR; };
		CB3A93A92DAFEE97003263C1 /* EasyApplePencilSymbolUITests.xctest */ = {isa = PBXFileReference; explicitFileType = wrapper.cfbundle; includeInIndex = 0; path = EasyApplePencilSymbolUITests.xctest; sourceTree = BUILT_PRODUCTS_DIR; };
/* End PBXFileReference section */

/* Begin PBXFileSystemSynchronizedRootGroup section */
		CB3A93912DAFEE96003263C1 /* EasyApplePencilSymbol */ = {
			isa = PBXFileSystemSynchronizedRootGroup;
			path = EasyApplePencilSymbol;
			sourceTree = "<group>";
		};
/* End PBXFileSystemSynchronizedRootGroup section */

/* Begin PBXFrameworksBuildPhase section */
		CB3A938C2DAFEE96003263C1 /* Frameworks */ = {
			isa = PBXFrameworksBuildPhase;
			buildActionMask = 2147483647;
			files = (
			);
			runOnlyForDeploymentPostprocessing = 0;
		};
		CB3A939C2DAFEE97003263C1 /* Frameworks */ = {
			isa = PBXFrameworksBuildPhase;
			buildActionMask = 2147483647;
			files = (
			);
			runOnlyForDeploymentPostprocessing = 0;
		};
		CB3A93A62DAFEE97003263C1 /* Frameworks */ = {
			isa = PBXFrameworksBuildPhase;
			buildActionMask = 2147483647;
			files = (
			);
			runOnlyForDeploymentPostprocessing = 0;
		};
/* End PBXFrameworksBuildPhase section */

/* Begin PBXGroup section */
		CB3A93862DAFEE96003263C1 = {
			isa = PBXGroup;
			children = (
				CB3A93912DAFEE96003263C1 /* EasyApplePencilSymbol */,
				CB3A93902DAFEE96003263C1 /* Products */,
			);
			sourceTree = "<group>";
		};
		CB3A93902DAFEE96003263C1 /* Products */ = {
			isa = PBXGroup;
			children = (
				CB3A938F2DAFEE96003263C1 /* EasyApplePencilSymbol.app */,
				CB3A939F2DAFEE97003263C1 /* EasyApplePencilSymbolTests.xctest */,
				CB3A93A92DAFEE97003263C1 /* EasyApplePencilSymbolUITests.xctest */,
			);
			name = Products;
			sourceTree = "<group>";
		};
/* End PBXGroup section */

/* Begin PBXNativeTarget section */
		CB3A938E2DAFEE96003263C1 /* EasyApplePencilSymbol */ = {
			isa = PBXNativeTarget;
			buildConfigurationList = CB3A93B32DAFEE97003263C1 /* Build configuration list for PBXNativeTarget "EasyApplePencilSymbol" */;
			buildPhases = (
				CB3A938B2DAFEE96003263C1 /* Sources */,
				CB3A938C2DAFEE96003263C1 /* Frameworks */,
				CB3A938D2DAFEE96003263C1 /* Resources */,
			);
			buildRules = (
			);
			dependencies = (
			);
			fileSystemSynchronizedGroups = (
				CB3A93912DAFEE96003263C1 /* EasyApplePencilSymbol */,
			);
			name = EasyApplePencilSymbol;
			packageProductDependencies = (
			);
			productName = EasyApplePencilSymbol;
			productReference = CB3A938F2DAFEE96003263C1 /* EasyApplePencilSymbol.app */;
			productType = "com.apple.product-type.application";
		};
		CB3A939E2DAFEE97003263C1 /* EasyApplePencilSymbolTests */ = {
			isa = PBXNativeTarget;
			buildConfigurationList = CB3A93B62DAFEE97003263C1 /* Build configuration list for PBXNativeTarget "EasyApplePencilSymbolTests" */;
			buildPhases = (
				CB3A939B2DAFEE97003263C1 /* Sources */,
				CB3A939C2DAFEE97003263C1 /* Frameworks */,
				CB3A939D2DAFEE97003263C1 /* Resources */,
			);
			buildRules = (
			);
			dependencies = (
				CB3A93A12DAFEE97003263C1 /* PBXTargetDependency */,
			);
			name = EasyApplePencilSymbolTests;
			packageProductDependencies = (
			);
			productName = EasyApplePencilSymbolTests;
			productReference = CB3A939F2DAFEE97003263C1 /* EasyApplePencilSymbolTests.xctest */;
			productType = "com.apple.product-type.bundle.unit-test";
		};
		CB3A93A82DAFEE97003263C1 /* EasyApplePencilSymbolUITests */ = {
			isa = PBXNativeTarget;
			buildConfigurationList = CB3A93B92DAFEE97003263C1 /* Build configuration list for PBXNativeTarget "EasyApplePencilSymbolUITests" */;
			buildPhases = (
				CB3A93A52DAFEE97003263C1 /* Sources */,
				CB3A93A62DAFEE97003263C1 /* Frameworks */,
				CB3A93A72DAFEE97003263C1 /* Resources */,
			);
			buildRules = (
			);
			dependencies = (
				CB3A93AB2DAFEE97003263C1 /* PBXTargetDependency */,
			);
			name = EasyApplePencilSymbolUITests;
			packageProductDependencies = (
			);
			productName = EasyApplePencilSymbolUITests;
			productReference = CB3A93A92DAFEE97003263C1 /* EasyApplePencilSymbolUITests.xctest */;
			productType = "com.apple.product-type.bundle.ui-testing";
		};
/* End PBXNativeTarget section */

/* Begin PBXProject section */
		CB3A93872DAFEE96003263C1 /* Project object */ = {
			isa = PBXProject;
			attributes = {
				BuildIndependentTargetsInParallel = 1;
				LastSwiftUpdateCheck = 1620;
				LastUpgradeCheck = 1620;
				TargetAttributes = {
					CB3A938E2DAFEE96003263C1 = {
						CreatedOnToolsVersion = 16.2;
					};
					CB3A939E2DAFEE97003263C1 = {
						CreatedOnToolsVersion = 16.2;
						TestTargetID = CB3A938E2DAFEE96003263C1;
					};
					CB3A93A82DAFEE97003263C1 = {
						CreatedOnToolsVersion = 16.2;
						TestTargetID = CB3A938E2DAFEE96003263C1;
					};
				};
			};
			buildConfigurationList = CB3A938A2DAFEE96003263C1 /* Build configuration list for PBXProject "EasyApplePencilSymbol" */;
			developmentRegion = en;
			hasScannedForEncodings = 0;
			knownRegions = (
				en,
				Base,
			);
			mainGroup = CB3A93862DAFEE96003263C1;
			minimizedProjectReferenceProxies = 1;
			preferredProjectObjectVersion = 77;
			productRefGroup = CB3A93902DAFEE96003263C1 /* Products */;
			projectDirPath = "";
			projectRoot = "";
			targets = (
				CB3A938E2DAFEE96003263C1 /* EasyApplePencilSymbol */,
				CB3A939E2DAFEE97003263C1 /* EasyApplePencilSymbolTests */,
				CB3A93A82DAFEE97003263C1 /* EasyApplePencilSymbolUITests */,
			);
		};
/* End PBXProject section */

/* Begin PBXResourcesBuildPhase section */
		CB3A938D2DAFEE96003263C1 /* Resources */ = {
			isa = PBXResourcesBuildPhase;
			buildActionMask = 2147483647;
			files = (
			);
			runOnlyForDeploymentPostprocessing = 0;
		};
		CB3A939D2DAFEE97003263C1 /* Resources */ = {
			isa = PBXResourcesBuildPhase;
			buildActionMask = 2147483647;
			files = (
			);
			runOnlyForDeploymentPostprocessing = 0;
		};
		CB3A93A72DAFEE97003263C1 /* Resources */ = {
			isa = PBXResourcesBuildPhase;
			buildActionMask = 2147483647;
			files = (
			);
			runOnlyForDeploymentPostprocessing = 0;
		};
/* End PBXResourcesBuildPhase section */

/* Begin PBXSourcesBuildPhase section */
		CB3A938B2DAFEE96003263C1 /* Sources */ = {
			isa = PBXSourcesBuildPhase;
			buildActionMask = 2147483647;
			files = (
			);
			runOnlyForDeploymentPostprocessing = 0;
		};
		CB3A939B2DAFEE97003263C1 /* Sources */ = {
			isa = PBXSourcesBuildPhase;
			buildActionMask = 2147483647;
			files = (
			);
			runOnlyForDeploymentPostprocessing = 0;
		};
		CB3A93A52DAFEE97003263C1 /* Sources */ = {
			isa = PBXSourcesBuildPhase;
			buildActionMask = 2147483647;
			files = (
			);
			runOnlyForDeploymentPostprocessing = 0;
		};
/* End PBXSourcesBuildPhase section */

/* Begin PBXTargetDependency section */
		CB3A93A12DAFEE97003263C1 /* PBXTargetDependency */ = {
			isa = PBXTargetDependency;
			target = CB3A938E2DAFEE96003263C1 /* EasyApplePencilSymbol */;
			targetProxy = CB3A93A02DAFEE97003263C1 /* PBXContainerItemProxy */;
		};
		CB3A93AB2DAFEE97003263C1 /* PBXTargetDependency */ = {
			isa = PBXTargetDependency;
			target = CB3A938E2DAFEE96003263C1 /* EasyApplePencilSymbol */;
			targetProxy = CB3A93AA2DAFEE97003263C1 /* PBXContainerItemProxy */;
		};
/* End PBXTargetDependency section */

/* Begin XCBuildConfiguration section */
		CB3A93B12DAFEE97003263C1 /* Debug */ = {
			isa = XCBuildConfiguration;
			buildSettings = {
				ALWAYS_SEARCH_USER_PATHS = NO;
				ASSETCATALOG_COMPILER_GENERATE_SWIFT_ASSET_SYMBOL_EXTENSIONS = YES;
				CLANG_ANALYZER_NONNULL = YES;
				CLANG_ANALYZER_NUMBER_OBJECT_CONVERSION = YES_AGGRESSIVE;
				CLANG_CXX_LANGUAGE_STANDARD = "gnu++20";
				CLANG_ENABLE_MODULES = YES;
				CLANG_ENABLE_OBJC_ARC = YES;
				CLANG_ENABLE_OBJC_WEAK = YES;
				CLANG_WARN_BLOCK_CAPTURE_AUTORELEASING = YES;
				CLANG_WARN_BOOL_CONVERSION = YES;
				CLANG_WARN_COMMA = YES;
				CLANG_WARN_CONSTANT_CONVERSION = YES;
				CLANG_WARN_DEPRECATED_OBJC_IMPLEMENTATIONS = YES;
				CLANG_WARN_DIRECT_OBJC_ISA_USAGE = YES_ERROR;
				CLANG_WARN_DOCUMENTATION_COMMENTS = YES;
				CLANG_WARN_EMPTY_BODY = YES;
				CLANG_WARN_ENUM_CONVERSION = YES;
				CLANG_WARN_INFINITE_RECURSION = YES;
				CLANG_WARN_INT_CONVERSION = YES;
				CLANG_WARN_NON_LITERAL_NULL_CONVERSION = YES;
				CLANG_WARN_OBJC_IMPLICIT_RETAIN_SELF = YES;
				CLANG_WARN_OBJC_LITERAL_CONVERSION = YES;
				CLANG_WARN_OBJC_ROOT_CLASS = YES_ERROR;
				CLANG_WARN_QUOTED_INCLUDE_IN_FRAMEWORK_HEADER = YES;
				CLANG_WARN_RANGE_LOOP_ANALYSIS = YES;
				CLANG_WARN_STRICT_PROTOTYPES = YES;
				CLANG_WARN_SUSPICIOUS_MOVE = YES;
				CLANG_WARN_UNGUARDED_AVAILABILITY = YES_AGGRESSIVE;
				CLANG_WARN_UNREACHABLE_CODE = YES;
				CLANG_WARN__DUPLICATE_METHOD_MATCH = YES;
				COPY_PHASE_STRIP = NO;
				DEBUG_INFORMATION_FORMAT = dwarf;
				ENABLE_STRICT_OBJC_MSGSEND = YES;
				ENABLE_TESTABILITY = YES;
				ENABLE_USER_SCRIPT_SANDBOXING = YES;
				GCC_C_LANGUAGE_STANDARD = gnu17;
				GCC_DYNAMIC_NO_PIC = NO;
				GCC_NO_COMMON_BLOCKS = YES;
				GCC_OPTIMIZATION_LEVEL = 0;
				GCC_PREPROCESSOR_DEFINITIONS = (
					"DEBUG=1",
					"$(inherited)",
				);
				GCC_WARN_64_TO_32_BIT_CONVERSION = YES;
				GCC_WARN_ABOUT_RETURN_TYPE = YES_ERROR;
				GCC_WARN_UNDECLARED_SELECTOR = YES;
				GCC_WARN_UNINITIALIZED_AUTOS = YES_AGGRESSIVE;
				GCC_WARN_UNUSED_FUNCTION = YES;
				GCC_WARN_UNUSED_VARIABLE = YES;
				IPHONEOS_DEPLOYMENT_TARGET = 18.2;
				LOCALIZATION_PREFERS_STRING_CATALOGS = YES;
				MTL_ENABLE_DEBUG_INFO = INCLUDE_SOURCE;
				MTL_FAST_MATH = YES;
				ONLY_ACTIVE_ARCH = YES;
				SDKROOT = iphoneos;
				SWIFT_ACTIVE_COMPILATION_CONDITIONS = "DEBUG $(inherited)";
				SWIFT_OPTIMIZATION_LEVEL = "-Onone";
			};
			name = Debug;
		};
		CB3A93B22DAFEE97003263C1 /* Release */ = {
			isa = XCBuildConfiguration;
			buildSettings = {
				ALWAYS_SEARCH_USER_PATHS = NO;
				ASSETCATALOG_COMPILER_GENERATE_SWIFT_ASSET_SYMBOL_EXTENSIONS = YES;
				CLANG_ANALYZER_NONNULL = YES;
				CLANG_ANALYZER_NUMBER_OBJECT_CONVERSION = YES_AGGRESSIVE;
				CLANG_CXX_LANGUAGE_STANDARD = "gnu++20";
				CLANG_ENABLE_MODULES = YES;
				CLANG_ENABLE_OBJC_ARC = YES;
				CLANG_ENABLE_OBJC_WEAK = YES;
				CLANG_WARN_BLOCK_CAPTURE_AUTORELEASING = YES;
				CLANG_WARN_BOOL_CONVERSION = YES;
				CLANG_WARN_COMMA = YES;
				CLANG_WARN_CONSTANT_CONVERSION = YES;
				CLANG_WARN_DEPRECATED_OBJC_IMPLEMENTATIONS = YES;
				CLANG_WARN_DIRECT_OBJC_ISA_USAGE = YES_ERROR;
				CLANG_WARN_DOCUMENTATION_COMMENTS = YES;
				CLANG_WARN_EMPTY_BODY = YES;
				CLANG_WARN_ENUM_CONVERSION = YES;
				CLANG_WARN_INFINITE_RECURSION = YES;
				CLANG_WARN_INT_CONVERSION = YES;
				CLANG_WARN_NON_LITERAL_NULL_CONVERSION = YES;
				CLANG_WARN_OBJC_IMPLICIT_RETAIN_SELF = YES;
				CLANG_WARN_OBJC_LITERAL_CONVERSION = YES;
				CLANG_WARN_OBJC_ROOT_CLASS = YES_ERROR;
				CLANG_WARN_QUOTED_INCLUDE_IN_FRAMEWORK_HEADER = YES;
				CLANG_WARN_RANGE_LOOP_ANALYSIS = YES;
				CLANG_WARN_STRICT_PROTOTYPES = YES;
				CLANG_WARN_SUSPICIOUS_MOVE = YES;
				CLANG_WARN_UNGUARDED_AVAILABILITY = YES_AGGRESSIVE;
				CLANG_WARN_UNREACHABLE_CODE = YES;
				CLANG_WARN__DUPLICATE_METHOD_MATCH = YES;
				COPY_PHASE_STRIP = NO;
				DEBUG_INFORMATION_FORMAT = "dwarf-with-dsym";
				ENABLE_NS_ASSERTIONS = NO;
				ENABLE_STRICT_OBJC_MSGSEND = YES;
				ENABLE_USER_SCRIPT_SANDBOXING = YES;
				GCC_C_LANGUAGE_STANDARD = gnu17;
				GCC_NO_COMMON_BLOCKS = YES;
				GCC_WARN_64_TO_32_BIT_CONVERSION = YES;
				GCC_WARN_ABOUT_RETURN_TYPE = YES_ERROR;
				GCC_WARN_UNDECLARED_SELECTOR = YES;
				GCC_WARN_UNINITIALIZED_AUTOS = YES_AGGRESSIVE;
				GCC_WARN_UNUSED_FUNCTION = YES;
				GCC_WARN_UNUSED_VARIABLE = YES;
				IPHONEOS_DEPLOYMENT_TARGET = 18.2;
				LOCALIZATION_PREFERS_STRING_CATALOGS = YES;
				MTL_ENABLE_DEBUG_INFO = NO;
				MTL_FAST_MATH = YES;
				SDKROOT = iphoneos;
				SWIFT_COMPILATION_MODE = wholemodule;
				VALIDATE_PRODUCT = YES;
			};
			name = Release;
		};
		CB3A93B42DAFEE97003263C1 /* Debug */ = {
			isa = XCBuildConfiguration;
			buildSettings = {
				ASSETCATALOG_COMPILER_APPICON_NAME = AppIcon;
				ASSETCATALOG_COMPILER_GLOBAL_ACCENT_COLOR_NAME = AccentColor;
				CODE_SIGN_STYLE = Automatic;
				CURRENT_PROJECT_VERSION = 1;
				DEVELOPMENT_ASSET_PATHS = "\"EasyApplePencilSymbol/Preview Content\"";
				ENABLE_PREVIEWS = YES;
				GENERATE_INFOPLIST_FILE = YES;
				INFOPLIST_KEY_UIApplicationSceneManifest_Generation = YES;
				INFOPLIST_KEY_UIApplicationSupportsIndirectInputEvents = YES;
				INFOPLIST_KEY_UILaunchScreen_Generation = YES;
				INFOPLIST_KEY_UISupportedInterfaceOrientations_iPad = "UIInterfaceOrientationPortrait UIInterfaceOrientationPortraitUpsideDown UIInterfaceOrientationLandscapeLeft UIInterfaceOrientationLandscapeRight";
				INFOPLIST_KEY_UISupportedInterfaceOrientations_iPhone = "UIInterfaceOrientationPortrait UIInterfaceOrientationLandscapeLeft UIInterfaceOrientationLandscapeRight";
				LD_RUNPATH_SEARCH_PATHS = (
					"$(inherited)",
					"@executable_path/Frameworks",
				);
				MARKETING_VERSION = 1.0;
				PRODUCT_BUNDLE_IDENTIFIER = none.EasyApplePencilSymbol;
				PRODUCT_NAME = "$(TARGET_NAME)";
				SWIFT_EMIT_LOC_STRINGS = YES;
				SWIFT_VERSION = 5.0;
				TARGETED_DEVICE_FAMILY = "1,2";
			};
			name = Debug;
		};
		CB3A93B52DAFEE97003263C1 /* Release */ = {
			isa = XCBuildConfiguration;
			buildSettings = {
				ASSETCATALOG_COMPILER_APPICON_NAME = AppIcon;
				ASSETCATALOG_COMPILER_GLOBAL_ACCENT_COLOR_NAME = AccentColor;
				CODE_SIGN_STYLE = Automatic;
				CURRENT_PROJECT_VERSION = 1;
				DEVELOPMENT_ASSET_PATHS = "\"EasyApplePencilSymbol/Preview Content\"";
				ENABLE_PREVIEWS = YES;
				GENERATE_INFOPLIST_FILE = YES;
				INFOPLIST_KEY_UIApplicationSceneManifest_Generation = YES;
				INFOPLIST_KEY_UIApplicationSupportsIndirectInputEvents = YES;
				INFOPLIST_KEY_UILaunchScreen_Generation = YES;
				INFOPLIST_KEY_UISupportedInterfaceOrientations_iPad = "UIInterfaceOrientationPortrait UIInterfaceOrientationPortraitUpsideDown UIInterfaceOrientationLandscapeLeft UIInterfaceOrientationLandscapeRight";
				INFOPLIST_KEY_UISupportedInterfaceOrientations_iPhone = "UIInterfaceOrientationPortrait UIInterfaceOrientationLandscapeLeft UIInterfaceOrientationLandscapeRight";
				LD_RUNPATH_SEARCH_PATHS = (
					"$(inherited)",
					"@executable_path/Frameworks",
				);
				MARKETING_VERSION = 1.0;
				PRODUCT_BUNDLE_IDENTIFIER = none.EasyApplePencilSymbol;
				PRODUCT_NAME = "$(TARGET_NAME)";
				SWIFT_EMIT_LOC_STRINGS = YES;
				SWIFT_VERSION = 5.0;
				TARGETED_DEVICE_FAMILY = "1,2";
			};
			name = Release;
		};
		CB3A93B72DAFEE97003263C1 /* Debug */ = {
			isa = XCBuildConfiguration;
			buildSettings = {
				BUNDLE_LOADER = "$(TEST_HOST)";
				CODE_SIGN_STYLE = Automatic;
				CURRENT_PROJECT_VERSION = 1;
				GENERATE_INFOPLIST_FILE = YES;
				IPHONEOS_DEPLOYMENT_TARGET = 18.2;
				MARKETING_VERSION = 1.0;
				PRODUCT_BUNDLE_IDENTIFIER = none.EasyApplePencilSymbolTests;
				PRODUCT_NAME = "$(TARGET_NAME)";
				SWIFT_EMIT_LOC_STRINGS = NO;
				SWIFT_VERSION = 5.0;
				TARGETED_DEVICE_FAMILY = "1,2";
				TEST_HOST = "$(BUILT_PRODUCTS_DIR)/EasyApplePencilSymbol.app/$(BUNDLE_EXECUTABLE_FOLDER_PATH)/EasyApplePencilSymbol";
			};
			name = Debug;
		};
		CB3A93B82DAFEE97003263C1 /* Release */ = {
			isa = XCBuildConfiguration;
			buildSettings = {
				BUNDLE_LOADER = "$(TEST_HOST)";
				CODE_SIGN_STYLE = Automatic;
				CURRENT_PROJECT_VERSION = 1;
				GENERATE_INFOPLIST_FILE = YES;
				IPHONEOS_DEPLOYMENT_TARGET = 18.2;
				MARKETING_VERSION = 1.0;
				PRODUCT_BUNDLE_IDENTIFIER = none.EasyApplePencilSymbolTests;
				PRODUCT_NAME = "$(TARGET_NAME)";
				SWIFT_EMIT_LOC_STRINGS = NO;
				SWIFT_VERSION = 5.0;
				TARGETED_DEVICE_FAMILY = "1,2";
				TEST_HOST = "$(BUILT_PRODUCTS_DIR)/EasyApplePencilSymbol.app/$(BUNDLE_EXECUTABLE_FOLDER_PATH)/EasyApplePencilSymbol";
			};
			name = Release;
		};
		CB3A93BA2DAFEE97003263C1 /* Debug */ = {
			isa = XCBuildConfiguration;
			buildSettings = {
				CODE_SIGN_STYLE = Automatic;
				CURRENT_PROJECT_VERSION = 1;
				GENERATE_INFOPLIST_FILE = YES;
				MARKETING_VERSION = 1.0;
				PRODUCT_BUNDLE_IDENTIFIER = none.EasyApplePencilSymbolUITests;
				PRODUCT_NAME = "$(TARGET_NAME)";
				SWIFT_EMIT_LOC_STRINGS = NO;
				SWIFT_VERSION = 5.0;
				TARGETED_DEVICE_FAMILY = "1,2";
				TEST_TARGET_NAME = EasyApplePencilSymbol;
			};
			name = Debug;
		};
		CB3A93BB2DAFEE97003263C1 /* Release */ = {
			isa = XCBuildConfiguration;
			buildSettings = {
				CODE_SIGN_STYLE = Automatic;
				CURRENT_PROJECT_VERSION = 1;
				GENERATE_INFOPLIST_FILE = YES;
				MARKETING_VERSION = 1.0;
				PRODUCT_BUNDLE_IDENTIFIER = none.EasyApplePencilSymbolUITests;
				PRODUCT_NAME = "$(TARGET_NAME)";
				SWIFT_EMIT_LOC_STRINGS = NO;
				SWIFT_VERSION = 5.0;
				TARGETED_DEVICE_FAMILY = "1,2";
				TEST_TARGET_NAME = EasyApplePencilSymbol;
			};
			name = Release;
		};
/* End XCBuildConfiguration section */

/* Begin XCConfigurationList section */
		CB3A938A2DAFEE96003263C1 /* Build configuration list for PBXProject "EasyApplePencilSymbol" */ = {
			isa = XCConfigurationList;
			buildConfigurations = (
				CB3A93B12DAFEE97003263C1 /* Debug */,
				CB3A93B22DAFEE97003263C1 /* Release */,
			);
			defaultConfigurationIsVisible = 0;
			defaultConfigurationName = Release;
		};
		CB3A93B32DAFEE97003263C1 /* Build configuration list for PBXNativeTarget "EasyApplePencilSymbol" */ = {
			isa = XCConfigurationList;
			buildConfigurations = (
				CB3A93B42DAFEE97003263C1 /* Debug */,
				CB3A93B52DAFEE97003263C1 /* Release */,
			);
			defaultConfigurationIsVisible = 0;
			defaultConfigurationName = Release;
		};
		CB3A93B62DAFEE97003263C1 /* Build configuration list for PBXNativeTarget "EasyApplePencilSymbolTests" */ = {
			isa = XCConfigurationList;
			buildConfigurations = (
				CB3A93B72DAFEE97003263C1 /* Debug */,
				CB3A93B82DAFEE97003263C1 /* Release */,
			);
			defaultConfigurationIsVisible = 0;
			defaultConfigurationName = Release;
		};
		CB3A93B92DAFEE97003263C1 /* Build configuration list for PBXNativeTarget "EasyApplePencilSymbolUITests" */ = {
			isa = XCConfigurationList;
			buildConfigurations = (
				CB3A93BA2DAFEE97003263C1 /* Debug */,
				CB3A93BB2DAFEE97003263C1 /* Release */,
			);
			defaultConfigurationIsVisible = 0;
			defaultConfigurationName = Release;
		};
/* End XCConfigurationList section */
	};
	rootObject = CB3A93872DAFEE96003263C1 /* Project object */;
}
